# This file is automatically @generated by Cargo.
# It is not intended for manual editing.
version = 3

[[package]]
name = "cvlr"
version = "0.4.1"
source = "registry+https://github.com/rust-lang/crates.io-index"
checksum = "106dc78e75b6df3ed956733b265d72d94186b4d373c26b703408c5c08f8eabe2"
dependencies = [
 "cvlr-asserts",
 "cvlr-early-panic",
 "cvlr-hook",
 "cvlr-log",
 "cvlr-macros",
 "cvlr-mathint",
 "cvlr-nondet",
]

[[package]]
name = "cvlr-asserts"
version = "0.4.1"
source = "registry+https://github.com/rust-lang/crates.io-index"
checksum = "e5986ab535703c6fff042bd257c0f3d591f6fcd4c611ec117c93807fc4444804"

[[package]]
name = "cvlr-early-panic"
version = "0.4.1"
source = "registry+https://github.com/rust-lang/crates.io-index"
checksum = "7c12f059e98caf58c289f08da48eeef11f2549afdf0fd7d3f3c9a08039040500"
dependencies = [
 "proc-macro2",
 "quote",
 "syn",
]

[[package]]
name = "cvlr-hook"
version = "0.4.1"
source = "registry+https://github.com/rust-lang/crates.io-index"
checksum = "dc2d32c7536052a4b72c27d2dce9a83b6ada5dd98756b850e6a1540fe80eabd7"
dependencies = [
 "quote",
 "syn",
]

[[package]]
name = "cvlr-log"
version = "0.4.1"
source = "registry+https://github.com/rust-lang/crates.io-index"
checksum = "39b0ca4fea3f19baddd20ac6209fd064211d61c9c95715f1a11c17c5c7e17cf2"
dependencies = [
 "cvlr-mathint",
]

[[package]]
name = "cvlr-macros"
version = "0.4.1"
source = "registry+https://github.com/rust-lang/crates.io-index"
checksum = "2ddb1aab9e865d13f5b97d5eb3b8417457543b725e9d95febb8bcd9e124a4414"
dependencies = [
 "darling",
 "proc-macro2",
 "quote",
 "syn",
]

[[package]]
name = "cvlr-mathint"
version = "0.4.1"
source = "registry+https://github.com/rust-lang/crates.io-index"
checksum = "4fc5daeea0bf7dae12a53753380b78de43be6394382b9eda9e735d9d52449e47"
dependencies = [
 "cvlr-asserts",
 "cvlr-nondet",
]

[[package]]
name = "cvlr-nondet"
version = "0.4.1"
source = "registry+https://github.com/rust-lang/crates.io-index"
checksum = "5d2937f0430a15d737494a573de77786c1407e40488f13939b56daccab9e6949"
dependencies = [
 "cvlr-asserts",
]

[[package]]
name = "darling"
version = "0.20.11"
source = "registry+https://github.com/rust-lang/crates.io-index"
checksum = "fc7f46116c46ff9ab3eb1597a45688b6715c6e628b5c133e288e709a29bcb4ee"
dependencies = [
 "darling_core",
 "darling_macro",
]

[[package]]
name = "darling_core"
version = "0.20.11"
source = "registry+https://github.com/rust-lang/crates.io-index"
checksum = "0d00b9596d185e565c2207a0b01f8bd1a135483d02d9b7b0a54b11da8d53412e"
dependencies = [
 "fnv",
 "ident_case",
 "proc-macro2",
 "quote",
 "strsim",
 "syn",
]

[[package]]
name = "darling_macro"
version = "0.20.11"
source = "registry+https://github.com/rust-lang/crates.io-index"
checksum = "fc34b93ccb385b40dc71c6fceac4b2ad23662c7eeb248cf10d529b7e055b6ead"
dependencies = [
 "darling_core",
 "quote",
 "syn",
]

[[package]]
name = "fnv"
version = "1.0.7"
source = "registry+https://github.com/rust-lang/crates.io-index"
checksum = "3f9eec918d3f24069decb9af1554cad7c880e2da24a9afd88aca000531ab82c1"

[[package]]
name = "ident_case"
version = "1.0.1"
source = "registry+https://github.com/rust-lang/crates.io-index"
checksum = "b9e0384b61958566e926dc50660321d12159025e767c18e043daf26b70104c39"

[[package]]
name = "proc-macro2"
version = "1.0.95"
source = "registry+https://github.com/rust-lang/crates.io-index"
checksum = "02b3e5e68a3a1a02aad3ec490a98007cbc13c37cbe84a3cd7b8e406d76e7f778"
dependencies = [
 "unicode-ident",
]

[[package]]
name = "quote"
version = "1.0.40"
source = "registry+https://github.com/rust-lang/crates.io-index"
checksum = "1885c039570dc00dcb4ff087a89e185fd56bae234ddc7f056a945bf36467248d"
dependencies = [
 "proc-macro2",
]

[[package]]
name = "stack_array"
version = "0.1.0"
dependencies = [
 "cvlr",
]

[[package]]
name = "strsim"
version = "0.11.1"
source = "registry+https://github.com/rust-lang/crates.io-index"
checksum = "7da8b5736845d9f2fcb837ea5d9e2628564b3b043a70948a3f0b778838c5fb4f"

[[package]]
name = "syn"
version = "2.0.104"
source = "registry+https://github.com/rust-lang/crates.io-index"
checksum = "17b6f705963418cdb9927482fa304bc562ece2fdd4f616084c50b7023b435a40"
dependencies = [
 "proc-macro2",
 "quote",
 "unicode-ident",
]

[[package]]
name = "unicode-ident"
version = "1.0.18"
source = "registry+https://github.com/rust-lang/crates.io-index"
checksum = "5a5f39404a5da50712a4c1eecf25e90dd62b613502b7e925fd4e4d19b5c96512"
